{
  "name": "codekit-project",
  "version": "1.0.0",
  "lockfileVersion": 1,
  "requires": true,
  "dependencies": {
    "@fancyapps/ui": {
      "version": "4.0.26",
      "resolved": "https://registry.npmjs.org/@fancyapps/ui/-/ui-4.0.26.tgz",
      "integrity": "sha512-BcqK/lOMQ0IbR7DUcNK6olUCaOWlEqW7Oi3qdltur87zs6doFnno5fyKv9cDMRnuH4IxudU7Cz1zRzSUfsDWJA=="
    },
    "ev-emitter": {
      "version": "1.1.1",
      "resolved": "https://registry.npmjs.org/ev-emitter/-/ev-emitter-1.1.1.tgz",
      "integrity": "sha512-ipiDYhdQSCZ4hSbX4rMW+XzNKMD1prg/sTvoVmSLkuQ1MVlwjJQQA+sW8tMYR3BLUr9KjodFV4pvzunvRhd33Q=="
    },
    "fast-memoize": {
      "version": "2.5.2",
      "resolved": "https://registry.npmjs.org/fast-memoize/-/fast-memoize-2.5.2.tgz",
      "integrity": "sha512-Ue0LwpDYErFbmNnZSF0UH6eImUwDmogUO1jyE+JbN2gsQz/jICm1Ve7t9QT0rNSsfJt+Hs4/S3GnsDVjL4HVrw=="
    },
    "filterizr": {
      "version": "2.2.4",
      "resolved": "https://registry.npmjs.org/filterizr/-/filterizr-2.2.4.tgz",
      "integrity": "sha512-hqyEdg7RrvJMVFOeF0yysS75HP6jLu0wBSUtSPAc3BysAtHpwcXaPnR1kYp2uZtd3YXyhH6JRfF9+H4SRvrqXg==",
      "requires": {
        "fast-memoize": "^2.5.1",
        "imagesloaded": "^4.1.4"
      }
    },
    "gsap": {
      "version": "file:../../../../../joshgdovin/Documents/GitHub/Drexel/Web 3/web-3-students-W22/gsap-bonus.tgz",
      "integrity": "sha512-8cZp2/l9gBdFzI7Dpojh8tVPRDFivowSX8N3jl42zecPv8SXdysx4GrJcwVJz4Bl/pamFZdi17s85m4Bq5/pcQ=="
    },
    "imagesloaded": {
      "version": "4.1.4",
      "resolved": "https://registry.npmjs.org/imagesloaded/-/imagesloaded-4.1.4.tgz",
      "integrity": "sha512-ltiBVcYpc/TYTF5nolkMNsnREHW+ICvfQ3Yla2Sgr71YFwQ86bDwV9hgpFhFtrGPuwEx5+LqOHIrdXBdoWwwsA==",
      "requires": {
        "ev-emitter": "^1.0.0"
      }
    }
  }
}
